
Microsoft Visual Studio Solution File, Format Version 12.00
# Visual Studio Version 16
VisualStudioVersion = 16.0.809.10
MinimumVisualStudioVersion = 10.0.40219.1
Project("{FAE04EC0-301F-11D3-BF4B-00C04F79EFBC}") = "My_KidsBank", "My_KidsBank\My_KidsBank.csproj", "{0C2C2B90-FC3E-4827-9002-B7BDA317955E}"
EndProject
Project("{FAE04EC0-301F-11D3-BF4B-00C04F79EFBC}") = "My_KidsBank_SpecFlow", "My_KidsBank_SpecFlow\My_KidsBank_SpecFlow.csproj", "{ABDD6485-0956-427C-8544-DFD7C64CA637}"
EndProject
Global
	GlobalSection(SolutionConfigurationPlatforms) = preSolution
		Debug|Any CPU = Debug|Any CPU
		Release|Any CPU = Release|Any CPU
	EndGlobalSection
	GlobalSection(ProjectConfigurationPlatforms) = postSolution
		{0C2C2B90-FC3E-4827-9002-B7BDA317955E}.Debug|Any CPU.ActiveCfg = Debug|Any CPU
		{0C2C2B90-FC3E-4827-9002-B7BDA317955E}.Debug|Any CPU.Build.0 = Debug|Any CPU
		{0C2C2B90-FC3E-4827-9002-B7BDA317955E}.Release|Any CPU.ActiveCfg = Release|Any CPU
		{0C2C2B90-FC3E-4827-9002-B7BDA317955E}.Release|Any CPU.Build.0 = Release|Any CPU
		{ABDD6485-0956-427C-8544-DFD7C64CA637}.Debug|Any CPU.ActiveCfg = Debug|Any CPU
		{ABDD6485-0956-427C-8544-DFD7C64CA637}.Debug|Any CPU.Build.0 = Debug|Any CPU
		{ABDD6485-0956-427C-8544-DFD7C64CA637}.Release|Any CPU.ActiveCfg = Release|Any CPU
		{ABDD6485-0956-427C-8544-DFD7C64CA637}.Release|Any CPU.Build.0 = Release|Any CPU
	EndGlobalSection
	GlobalSection(SolutionProperties) = preSolution
		HideSolutionNode = FALSE
	EndGlobalSection
	GlobalSection(ExtensibilityGlobals) = postSolution
		SolutionGuid = {C375F692-FC2A-4BDE-93D7-80B74DA0B5F2}
	EndGlobalSection
EndGlobal
